// !$*UTF8*$!
{
	archiveVersion = 1;
	classes = {
	};
	objectVersion = 46;
	objects = {

/* Begin PBXBuildFile section */
		B609774119D3AED6003F8264 /* IFLRequestTest.m in Sources */ = {isa = PBXBuildFile; fileRef = B609774019D3AED6003F8264 /* IFLRequestTest.m */; };
		B609774319D3AEE2003F8264 /* IFLCameraBodyRequestTest.m in Sources */ = {isa = PBXBuildFile; fileRef = B609774219D3AEE2003F8264 /* IFLCameraBodyRequestTest.m */; };
		B609774519D3AEF3003F8264 /* FILCameraLensRequestTest.m in Sources */ = {isa = PBXBuildFile; fileRef = B609774419D3AEF3003F8264 /* FILCameraLensRequestTest.m */; };
		B609774719D3AF22003F8264 /* FILSingleCommentRequest.m in Sources */ = {isa = PBXBuildFile; fileRef = B609774619D3AF22003F8264 /* FILSingleCommentRequest.m */; };
		B609774919D3AF34003F8264 /* IFLCommentsRequestTest.m in Sources */ = {isa = PBXBuildFile; fileRef = B609774819D3AF34003F8264 /* IFLCommentsRequestTest.m */; };
		B609774B19D3AF44003F8264 /* IFLFavoritesRequestTest.m in Sources */ = {isa = PBXBuildFile; fileRef = B609774A19D3AF44003F8264 /* IFLFavoritesRequestTest.m */; };
		B609774D19D3AF50003F8264 /* IFLSingleSubmissionRequestTest.m in Sources */ = {isa = PBXBuildFile; fileRef = B609774C19D3AF50003F8264 /* IFLSingleSubmissionRequestTest.m */; };
		B609774F19D3AF5D003F8264 /* IFLSubmissionsRequestTest.m in Sources */ = {isa = PBXBuildFile; fileRef = B609774E19D3AF5D003F8264 /* IFLSubmissionsRequestTest.m */; };
		B609775119D3AF83003F8264 /* IFLSubmissionsDownloadRequestTest.m in Sources */ = {isa = PBXBuildFile; fileRef = B609775019D3AF83003F8264 /* IFLSubmissionsDownloadRequestTest.m */; };
		B609775319D3AF8E003F8264 /* IFLTagsRequestTest.m in Sources */ = {isa = PBXBuildFile; fileRef = B609775219D3AF8E003F8264 /* IFLTagsRequestTest.m */; };
		B609775519D3AF9A003F8264 /* IFLSingleTagRequestTest.m in Sources */ = {isa = PBXBuildFile; fileRef = B609775419D3AF9A003F8264 /* IFLSingleTagRequestTest.m */; };
		B609775719D3AFA5003F8264 /* IFLWallpapersRequestTest.m in Sources */ = {isa = PBXBuildFile; fileRef = B609775619D3AFA5003F8264 /* IFLWallpapersRequestTest.m */; };
		B609775919D3AFBD003F8264 /* IFLWallpaperDownloadRequestTest.m in Sources */ = {isa = PBXBuildFile; fileRef = B609775819D3AFBD003F8264 /* IFLWallpaperDownloadRequestTest.m */; };
		B609775B19D3AFC9003F8264 /* IFLWallpaperByTimestampRequestTest.m in Sources */ = {isa = PBXBuildFile; fileRef = B609775A19D3AFC9003F8264 /* IFLWallpaperByTimestampRequestTest.m */; };
		B61A91D319CF2ADB002201FB /* IFLModel.h in CopyFiles */ = {isa = PBXBuildFile; fileRef = B64F028419CDCB6200FE6755 /* IFLModel.h */; };
		B61A91D419CF2ADB002201FB /* IFLCamera.h in CopyFiles */ = {isa = PBXBuildFile; fileRef = B67CDD9719CD50B20038CEF2 /* IFLCamera.h */; };
		B61A91D519CF2ADB002201FB /* IFLLens.h in CopyFiles */ = {isa = PBXBuildFile; fileRef = B64F028D19CE631500FE6755 /* IFLLens.h */; };
		B61A91D619CF2ADB002201FB /* IFLComment.h in CopyFiles */ = {isa = PBXBuildFile; fileRef = B64F029019CE651D00FE6755 /* IFLComment.h */; };
		B61A91D819CF2ADB002201FB /* IFLSubmissionDownload.h in CopyFiles */ = {isa = PBXBuildFile; fileRef = B64F029919CE6D5A00FE6755 /* IFLSubmissionDownload.h */; };
		B61A91D919CF2ADB002201FB /* IFLWallpaperDownload.h in CopyFiles */ = {isa = PBXBuildFile; fileRef = B64F029C19CE6FB700FE6755 /* IFLWallpaperDownload.h */; };
		B61A91DA19CF2ADB002201FB /* IFLUser.h in CopyFiles */ = {isa = PBXBuildFile; fileRef = B64F029F19CE700D00FE6755 /* IFLUser.h */; };
		B61A91DB19CF2ADB002201FB /* IFLTag.h in CopyFiles */ = {isa = PBXBuildFile; fileRef = B64F02A219CE746500FE6755 /* IFLTag.h */; };
		B61A91DC19CF2ADB002201FB /* IFLRequest.h in CopyFiles */ = {isa = PBXBuildFile; fileRef = B6B2469819CA821100020CD6 /* IFLRequest.h */; };
		B61A91DD19CF2ADB002201FB /* IFLCameraBodyRequest.h in CopyFiles */ = {isa = PBXBuildFile; fileRef = B6B246A219CBCA6600020CD6 /* IFLCameraBodyRequest.h */; };
		B61A91DE19CF2ADB002201FB /* IFLCameraLensRequest.h in CopyFiles */ = {isa = PBXBuildFile; fileRef = B6B246A519CBCA7C00020CD6 /* IFLCameraLensRequest.h */; };
		B61A91DF19CF2ADB002201FB /* IFLSingleCommentRequest.h in CopyFiles */ = {isa = PBXBuildFile; fileRef = B6B246A819CBCA8D00020CD6 /* IFLSingleCommentRequest.h */; };
		B61A91E019CF2ADB002201FB /* IFLCommentsRequest.h in CopyFiles */ = {isa = PBXBuildFile; fileRef = B6B246AB19CBCAA300020CD6 /* IFLCommentsRequest.h */; };
		B61A91E119CF2ADB002201FB /* IFLFavoritesRequest.h in CopyFiles */ = {isa = PBXBuildFile; fileRef = B6B246AE19CBCAB900020CD6 /* IFLFavoritesRequest.h */; };
		B61A91E219CF2ADB002201FB /* IFLSingleSubmissionRequest.h in CopyFiles */ = {isa = PBXBuildFile; fileRef = B6B246B119CBCAC900020CD6 /* IFLSingleSubmissionRequest.h */; };
		B61A91E319CF2ADB002201FB /* IFLSubmissionsRequest.h in CopyFiles */ = {isa = PBXBuildFile; fileRef = B6B246B419CBCAD700020CD6 /* IFLSubmissionsRequest.h */; };
		B61A91E419CF2ADB002201FB /* IFLSubmissionsDownloadRequest.h in CopyFiles */ = {isa = PBXBuildFile; fileRef = B6B246B719CBCAE700020CD6 /* IFLSubmissionsDownloadRequest.h */; };
		B61A91E519CF2ADB002201FB /* IFLTagsRequest.h in CopyFiles */ = {isa = PBXBuildFile; fileRef = B6B246BA19CBCAF800020CD6 /* IFLTagsRequest.h */; };
		B61A91E619CF2ADB002201FB /* IFLSingleTagRequest.h in CopyFiles */ = {isa = PBXBuildFile; fileRef = B6B246BD19CBCB0B00020CD6 /* IFLSingleTagRequest.h */; };
		B61A91E719CF2ADB002201FB /* IFLSingleWallpaperRequest.h in CopyFiles */ = {isa = PBXBuildFile; fileRef = B6B246C019CBCB1C00020CD6 /* IFLSingleWallpaperRequest.h */; };
		B61A91E819CF2ADB002201FB /* IFLWallpaperDownloadRequest.h in CopyFiles */ = {isa = PBXBuildFile; fileRef = B6B246C319CBCB2A00020CD6 /* IFLWallpaperDownloadRequest.h */; };
		B61A91E919CF2ADB002201FB /* IFLWallpapersRequest.h in CopyFiles */ = {isa = PBXBuildFile; fileRef = B6B246C619CBCB3900020CD6 /* IFLWallpapersRequest.h */; };
		B61A91EA19CF2ADB002201FB /* IFLWallpaperByTimestampRequest.h in CopyFiles */ = {isa = PBXBuildFile; fileRef = B6B246C919CBCB4800020CD6 /* IFLWallpaperByTimestampRequest.h */; };
		B61A91EB19CF2ADB002201FB /* IFLClient.h in CopyFiles */ = {isa = PBXBuildFile; fileRef = B6B2469F19CA9C2600020CD6 /* IFLClient.h */; };
		B62B8D5719D755D300553C0B /* IFLLensModelTest.m in Sources */ = {isa = PBXBuildFile; fileRef = B62B8D5619D755D300553C0B /* IFLLensModelTest.m */; };
		B62B8D5919D75A4F00553C0B /* IFLCommenModelTest.m in Sources */ = {isa = PBXBuildFile; fileRef = B62B8D5819D75A4F00553C0B /* IFLCommenModelTest.m */; };
		B62B8D5B19D75D0500553C0B /* IFLWallpaperModelTest.m in Sources */ = {isa = PBXBuildFile; fileRef = B62B8D5A19D75D0500553C0B /* IFLWallpaperModelTest.m */; };
		B62B8D5D19D765E800553C0B /* wallpaper.json in Resources */ = {isa = PBXBuildFile; fileRef = B62B8D5C19D765E800553C0B /* wallpaper.json */; };
		B62B8D5F19D769E400553C0B /* submission_download.json in Resources */ = {isa = PBXBuildFile; fileRef = B62B8D5E19D769E400553C0B /* submission_download.json */; };
		B62B8D6119D769F500553C0B /* IFLSubmissionDownloadModelTest.m in Sources */ = {isa = PBXBuildFile; fileRef = B62B8D6019D769F500553C0B /* IFLSubmissionDownloadModelTest.m */; };
		B62B8D6319D76D8E00553C0B /* IFLWallpaperDownloadModelTest.m in Sources */ = {isa = PBXBuildFile; fileRef = B62B8D6219D76D8E00553C0B /* IFLWallpaperDownloadModelTest.m */; };
		B62B8D6519D7B39A00553C0B /* wallpaper_download.json in Resources */ = {isa = PBXBuildFile; fileRef = B62B8D6419D7B39A00553C0B /* wallpaper_download.json */; };
		B62B8D6819D7B50800553C0B /* tag.json in Resources */ = {isa = PBXBuildFile; fileRef = B62B8D6619D7B50800553C0B /* tag.json */; };
		B62B8D6919D7B50800553C0B /* user.json in Resources */ = {isa = PBXBuildFile; fileRef = B62B8D6719D7B50800553C0B /* user.json */; };
		B62B8D6B19D7B5E800553C0B /* IFLUserModelTest.m in Sources */ = {isa = PBXBuildFile; fileRef = B62B8D6A19D7B5E800553C0B /* IFLUserModelTest.m */; };
		B62B8D6D19D7B5F100553C0B /* IFLTagModelTest.m in Sources */ = {isa = PBXBuildFile; fileRef = B62B8D6C19D7B5F100553C0B /* IFLTagModelTest.m */; };
		B636132219E23C610091CA5B /* IFLWallpaper.m in Sources */ = {isa = PBXBuildFile; fileRef = B636132119E23C610091CA5B /* IFLWallpaper.m */; };
		B64F028619CDCB6200FE6755 /* IFLModel.m in Sources */ = {isa = PBXBuildFile; fileRef = B64F028519CDCB6200FE6755 /* IFLModel.m */; };
		B64F028F19CE631500FE6755 /* IFLLens.m in Sources */ = {isa = PBXBuildFile; fileRef = B64F028E19CE631500FE6755 /* IFLLens.m */; };
		B64F029219CE651D00FE6755 /* IFLComment.m in Sources */ = {isa = PBXBuildFile; fileRef = B64F029119CE651D00FE6755 /* IFLComment.m */; };
		B64F029B19CE6D5A00FE6755 /* IFLSubmissionDownload.m in Sources */ = {isa = PBXBuildFile; fileRef = B64F029A19CE6D5A00FE6755 /* IFLSubmissionDownload.m */; };
		B64F029E19CE6FB700FE6755 /* IFLWallpaperDownload.m in Sources */ = {isa = PBXBuildFile; fileRef = B64F029D19CE6FB700FE6755 /* IFLWallpaperDownload.m */; };
		B64F02A119CE700D00FE6755 /* IFLUser.m in Sources */ = {isa = PBXBuildFile; fileRef = B64F02A019CE700D00FE6755 /* IFLUser.m */; };
		B64F02A419CE746500FE6755 /* IFLTag.m in Sources */ = {isa = PBXBuildFile; fileRef = B64F02A319CE746500FE6755 /* IFLTag.m */; };
		B65978F719F5ECAA002D42CF /* Mashape.key in Resources */ = {isa = PBXBuildFile; fileRef = B65978F619F5ECAA002D42CF /* Mashape.key */; };
		B659791B19F73CC5002D42CF /* IFLRequest.h in Headers */ = {isa = PBXBuildFile; fileRef = B6B2469819CA821100020CD6 /* IFLRequest.h */; settings = {ATTRIBUTES = (Public, ); }; };
		B659791C19F73CC5002D42CF /* IFLCameraBodyRequest.h in Headers */ = {isa = PBXBuildFile; fileRef = B6B246A219CBCA6600020CD6 /* IFLCameraBodyRequest.h */; settings = {ATTRIBUTES = (Public, ); }; };
		B659791D19F73CC5002D42CF /* IFLCameraLensRequest.h in Headers */ = {isa = PBXBuildFile; fileRef = B6B246A519CBCA7C00020CD6 /* IFLCameraLensRequest.h */; settings = {ATTRIBUTES = (Public, ); }; };
		B659791E19F73CC5002D42CF /* IFLSingleCommentRequest.h in Headers */ = {isa = PBXBuildFile; fileRef = B6B246A819CBCA8D00020CD6 /* IFLSingleCommentRequest.h */; settings = {ATTRIBUTES = (Public, ); }; };
		B659791F19F73CC5002D42CF /* IFLCommentsRequest.h in Headers */ = {isa = PBXBuildFile; fileRef = B6B246AB19CBCAA300020CD6 /* IFLCommentsRequest.h */; settings = {ATTRIBUTES = (Public, ); }; };
		B659792019F73CC5002D42CF /* IFLFavoritesRequest.h in Headers */ = {isa = PBXBuildFile; fileRef = B6B246AE19CBCAB900020CD6 /* IFLFavoritesRequest.h */; settings = {ATTRIBUTES = (Public, ); }; };
		B659792119F73CC5002D42CF /* IFLSingleSubmissionRequest.h in Headers */ = {isa = PBXBuildFile; fileRef = B6B246B119CBCAC900020CD6 /* IFLSingleSubmissionRequest.h */; settings = {ATTRIBUTES = (Public, ); }; };
		B659792219F73CC5002D42CF /* IFLSubmissionsDownloadRequest.h in Headers */ = {isa = PBXBuildFile; fileRef = B6B246B719CBCAE700020CD6 /* IFLSubmissionsDownloadRequest.h */; settings = {ATTRIBUTES = (Public, ); }; };
		B659792319F73CC5002D42CF /* IFLSubmissionsRequest.h in Headers */ = {isa = PBXBuildFile; fileRef = B6B246B419CBCAD700020CD6 /* IFLSubmissionsRequest.h */; settings = {ATTRIBUTES = (Public, ); }; };
		B659792419F73CC5002D42CF /* IFLTagsRequest.h in Headers */ = {isa = PBXBuildFile; fileRef = B6B246BA19CBCAF800020CD6 /* IFLTagsRequest.h */; settings = {ATTRIBUTES = (Public, ); }; };
		B659792519F73CC5002D42CF /* IFLSingleTagRequest.h in Headers */ = {isa = PBXBuildFile; fileRef = B6B246BD19CBCB0B00020CD6 /* IFLSingleTagRequest.h */; settings = {ATTRIBUTES = (Public, ); }; };
		B659792619F73CC5002D42CF /* IFLSingleWallpaperRequest.h in Headers */ = {isa = PBXBuildFile; fileRef = B6B246C019CBCB1C00020CD6 /* IFLSingleWallpaperRequest.h */; settings = {ATTRIBUTES = (Public, ); }; };
		B659792719F73CC5002D42CF /* IFLWallpaperDownloadRequest.h in Headers */ = {isa = PBXBuildFile; fileRef = B6B246C319CBCB2A00020CD6 /* IFLWallpaperDownloadRequest.h */; settings = {ATTRIBUTES = (Public, ); }; };
		B659792819F73CC5002D42CF /* IFLWallpapersRequest.h in Headers */ = {isa = PBXBuildFile; fileRef = B6B246C619CBCB3900020CD6 /* IFLWallpapersRequest.h */; settings = {ATTRIBUTES = (Public, ); }; };
		B659792919F73CC5002D42CF /* IFLWallpaperByTimestampRequest.h in Headers */ = {isa = PBXBuildFile; fileRef = B6B246C919CBCB4800020CD6 /* IFLWallpaperByTimestampRequest.h */; settings = {ATTRIBUTES = (Public, ); }; };
		B659792A19F73CD6002D42CF /* IFLWallpaper.h in Headers */ = {isa = PBXBuildFile; fileRef = B636132019E23C610091CA5B /* IFLWallpaper.h */; settings = {ATTRIBUTES = (Public, ); }; };
		B659792B19F73CD6002D42CF /* IFLModel.h in Headers */ = {isa = PBXBuildFile; fileRef = B64F028419CDCB6200FE6755 /* IFLModel.h */; settings = {ATTRIBUTES = (Public, ); }; };
		B659792C19F73CD6002D42CF /* IFLCamera.h in Headers */ = {isa = PBXBuildFile; fileRef = B67CDD9719CD50B20038CEF2 /* IFLCamera.h */; settings = {ATTRIBUTES = (Public, ); }; };
		B659792D19F73CD7002D42CF /* IFLLens.h in Headers */ = {isa = PBXBuildFile; fileRef = B64F028D19CE631500FE6755 /* IFLLens.h */; settings = {ATTRIBUTES = (Public, ); }; };
		B659792E19F73CD7002D42CF /* IFLComment.h in Headers */ = {isa = PBXBuildFile; fileRef = B64F029019CE651D00FE6755 /* IFLComment.h */; settings = {ATTRIBUTES = (Public, ); }; };
		B659792F19F73CD7002D42CF /* IFLSubmissionDownload.h in Headers */ = {isa = PBXBuildFile; fileRef = B64F029919CE6D5A00FE6755 /* IFLSubmissionDownload.h */; settings = {ATTRIBUTES = (Public, ); }; };
		B659793019F73CD7002D42CF /* IFLWallpaperDownload.h in Headers */ = {isa = PBXBuildFile; fileRef = B64F029C19CE6FB700FE6755 /* IFLWallpaperDownload.h */; settings = {ATTRIBUTES = (Public, ); }; };
		B659793119F73CD7002D42CF /* IFLUser.h in Headers */ = {isa = PBXBuildFile; fileRef = B64F029F19CE700D00FE6755 /* IFLUser.h */; settings = {ATTRIBUTES = (Public, ); }; };
		B659793219F73CD7002D42CF /* IFLTag.h in Headers */ = {isa = PBXBuildFile; fileRef = B64F02A219CE746500FE6755 /* IFLTag.h */; settings = {ATTRIBUTES = (Public, ); }; };
		B659793319F73CDF002D42CF /* IFLClient.h in Headers */ = {isa = PBXBuildFile; fileRef = B6B2469F19CA9C2600020CD6 /* IFLClient.h */; settings = {ATTRIBUTES = (Public, ); }; };
		B67CDD9919CD50B20038CEF2 /* IFLCamera.m in Sources */ = {isa = PBXBuildFile; fileRef = B67CDD9819CD50B20038CEF2 /* IFLCamera.m */; };
		B691DD9F19D5CC9F00911394 /* NSArray+DGParameterizeArray.m in Sources */ = {isa = PBXBuildFile; fileRef = B691DD9E19D5CC9F00911394 /* NSArray+DGParameterizeArray.m */; };
		B691DDA119D5E82600911394 /* IFLSingleWallpaperRequestTest.m in Sources */ = {isa = PBXBuildFile; fileRef = B691DDA019D5E82600911394 /* IFLSingleWallpaperRequestTest.m */; };
		B691DDAA19D64B4A00911394 /* submission_wallpaper.json in Resources */ = {isa = PBXBuildFile; fileRef = B691DDA319D64B4A00911394 /* submission_wallpaper.json */; };
		B691DDAB19D64B4A00911394 /* favorites_wallpaper_array.json in Resources */ = {isa = PBXBuildFile; fileRef = B691DDA419D64B4A00911394 /* favorites_wallpaper_array.json */; };
		B691DDAC19D64B4A00911394 /* comments.json in Resources */ = {isa = PBXBuildFile; fileRef = B691DDA519D64B4A00911394 /* comments.json */; };
		B691DDAD19D64B4A00911394 /* comment.json in Resources */ = {isa = PBXBuildFile; fileRef = B691DDA619D64B4A00911394 /* comment.json */; };
		B691DDAE19D64B4A00911394 /* camera_lens.json in Resources */ = {isa = PBXBuildFile; fileRef = B691DDA719D64B4A00911394 /* camera_lens.json */; };
		B691DDAF19D64B4A00911394 /* camera_body.json in Resources */ = {isa = PBXBuildFile; fileRef = B691DDA819D64B4A00911394 /* camera_body.json */; };
		B691DDB019D64B4A00911394 /* camera_object.json in Resources */ = {isa = PBXBuildFile; fileRef = B691DDA919D64B4A00911394 /* camera_object.json */; };
		B691DDB219D64CA800911394 /* IFLCameraModelTest.m in Sources */ = {isa = PBXBuildFile; fileRef = B691DDB119D64CA800911394 /* IFLCameraModelTest.m */; };
		B69B453E19F0D32F00CE4916 /* WallpaperRequestJSONDownload.m in Sources */ = {isa = PBXBuildFile; fileRef = B69B453D19F0D32F00CE4916 /* WallpaperRequestJSONDownload.m */; };
		B6B2467219CA81B600020CD6 /* Foundation.framework in Frameworks */ = {isa = PBXBuildFile; fileRef = B6B2467119CA81B600020CD6 /* Foundation.framework */; };
		B6B2468019CA81B600020CD6 /* XCTest.framework in Frameworks */ = {isa = PBXBuildFile; fileRef = B6B2467F19CA81B600020CD6 /* XCTest.framework */; };
		B6B2468119CA81B600020CD6 /* Foundation.framework in Frameworks */ = {isa = PBXBuildFile; fileRef = B6B2467119CA81B600020CD6 /* Foundation.framework */; };
		B6B2468319CA81B600020CD6 /* UIKit.framework in Frameworks */ = {isa = PBXBuildFile; fileRef = B6B2468219CA81B600020CD6 /* UIKit.framework */; };
		B6B2468619CA81B600020CD6 /* libIFLKit.a in Frameworks */ = {isa = PBXBuildFile; fileRef = B6B2466E19CA81B600020CD6 /* libIFLKit.a */; };
		B6B2468C19CA81B600020CD6 /* InfoPlist.strings in Resources */ = {isa = PBXBuildFile; fileRef = B6B2468A19CA81B600020CD6 /* InfoPlist.strings */; };
		B6B2469A19CA821100020CD6 /* IFLRequest.m in Sources */ = {isa = PBXBuildFile; fileRef = B6B2469919CA821100020CD6 /* IFLRequest.m */; };
		B6B246A119CA9C2600020CD6 /* IFLClient.m in Sources */ = {isa = PBXBuildFile; fileRef = B6B246A019CA9C2600020CD6 /* IFLClient.m */; };
		B6B246A419CBCA6600020CD6 /* IFLCameraBodyRequest.m in Sources */ = {isa = PBXBuildFile; fileRef = B6B246A319CBCA6600020CD6 /* IFLCameraBodyRequest.m */; };
		B6B246A719CBCA7C00020CD6 /* IFLCameraLensRequest.m in Sources */ = {isa = PBXBuildFile; fileRef = B6B246A619CBCA7C00020CD6 /* IFLCameraLensRequest.m */; };
		B6B246AA19CBCA8D00020CD6 /* IFLSingleCommentRequest.m in Sources */ = {isa = PBXBuildFile; fileRef = B6B246A919CBCA8D00020CD6 /* IFLSingleCommentRequest.m */; };
		B6B246AD19CBCAA300020CD6 /* IFLCommentsRequest.m in Sources */ = {isa = PBXBuildFile; fileRef = B6B246AC19CBCAA300020CD6 /* IFLCommentsRequest.m */; };
		B6B246B019CBCAB900020CD6 /* IFLFavoritesRequest.m in Sources */ = {isa = PBXBuildFile; fileRef = B6B246AF19CBCAB900020CD6 /* IFLFavoritesRequest.m */; };
		B6B246B319CBCAC900020CD6 /* IFLSingleSubmissionRequest.m in Sources */ = {isa = PBXBuildFile; fileRef = B6B246B219CBCAC900020CD6 /* IFLSingleSubmissionRequest.m */; };
		B6B246B619CBCAD700020CD6 /* IFLSubmissionsRequest.m in Sources */ = {isa = PBXBuildFile; fileRef = B6B246B519CBCAD700020CD6 /* IFLSubmissionsRequest.m */; };
		B6B246B919CBCAE700020CD6 /* IFLSubmissionsDownloadRequest.m in Sources */ = {isa = PBXBuildFile; fileRef = B6B246B819CBCAE700020CD6 /* IFLSubmissionsDownloadRequest.m */; };
		B6B246BC19CBCAF800020CD6 /* IFLTagsRequest.m in Sources */ = {isa = PBXBuildFile; fileRef = B6B246BB19CBCAF800020CD6 /* IFLTagsRequest.m */; };
		B6B246BF19CBCB0B00020CD6 /* IFLSingleTagRequest.m in Sources */ = {isa = PBXBuildFile; fileRef = B6B246BE19CBCB0B00020CD6 /* IFLSingleTagRequest.m */; };
		B6B246C219CBCB1C00020CD6 /* IFLSingleWallpaperRequest.m in Sources */ = {isa = PBXBuildFile; fileRef = B6B246C119CBCB1C00020CD6 /* IFLSingleWallpaperRequest.m */; };
		B6B246C519CBCB2A00020CD6 /* IFLWallpaperDownloadRequest.m in Sources */ = {isa = PBXBuildFile; fileRef = B6B246C419CBCB2A00020CD6 /* IFLWallpaperDownloadRequest.m */; };
		B6B246C819CBCB3900020CD6 /* IFLWallpapersRequest.m in Sources */ = {isa = PBXBuildFile; fileRef = B6B246C719CBCB3900020CD6 /* IFLWallpapersRequest.m */; };
		B6B246CB19CBCB4800020CD6 /* IFLWallpaperByTimestampRequest.m in Sources */ = {isa = PBXBuildFile; fileRef = B6B246CA19CBCB4800020CD6 /* IFLWallpaperByTimestampRequest.m */; };
/* End PBXBuildFile section */

/* Begin PBXContainerItemProxy section */
		B6B2468419CA81B600020CD6 /* PBXContainerItemProxy */ = {
			isa = PBXContainerItemProxy;
			containerPortal = B6B2466619CA81B600020CD6 /* Project object */;
			proxyType = 1;
			remoteGlobalIDString = B6B2466D19CA81B600020CD6;
			remoteInfo = InterfaceliftKit;
		};
/* End PBXContainerItemProxy section */

/* Begin PBXCopyFilesBuildPhase section */
		B6B2466C19CA81B600020CD6 /* CopyFiles */ = {
			isa = PBXCopyFilesBuildPhase;
			buildActionMask = 2147483647;
			dstPath = "include/$(PRODUCT_NAME)";
			dstSubfolderSpec = 16;
			files = (
				B61A91D319CF2ADB002201FB /* IFLModel.h in CopyFiles */,
				B61A91D419CF2ADB002201FB /* IFLCamera.h in CopyFiles */,
				B61A91D519CF2ADB002201FB /* IFLLens.h in CopyFiles */,
				B61A91D619CF2ADB002201FB /* IFLComment.h in CopyFiles */,
				B61A91D819CF2ADB002201FB /* IFLSubmissionDownload.h in CopyFiles */,
				B61A91D919CF2ADB002201FB /* IFLWallpaperDownload.h in CopyFiles */,
				B61A91DA19CF2ADB002201FB /* IFLUser.h in CopyFiles */,
				B61A91DB19CF2ADB002201FB /* IFLTag.h in CopyFiles */,
				B61A91DC19CF2ADB002201FB /* IFLRequest.h in CopyFiles */,
				B61A91DD19CF2ADB002201FB /* IFLCameraBodyRequest.h in CopyFiles */,
				B61A91DE19CF2ADB002201FB /* IFLCameraLensRequest.h in CopyFiles */,
				B61A91DF19CF2ADB002201FB /* IFLSingleCommentRequest.h in CopyFiles */,
				B61A91E019CF2ADB002201FB /* IFLCommentsRequest.h in CopyFiles */,
				B61A91E119CF2ADB002201FB /* IFLFavoritesRequest.h in CopyFiles */,
				B61A91E219CF2ADB002201FB /* IFLSingleSubmissionRequest.h in CopyFiles */,
				B61A91E319CF2ADB002201FB /* IFLSubmissionsRequest.h in CopyFiles */,
				B61A91E419CF2ADB002201FB /* IFLSubmissionsDownloadRequest.h in CopyFiles */,
				B61A91E519CF2ADB002201FB /* IFLTagsRequest.h in CopyFiles */,
				B61A91E619CF2ADB002201FB /* IFLSingleTagRequest.h in CopyFiles */,
				B61A91E719CF2ADB002201FB /* IFLSingleWallpaperRequest.h in CopyFiles */,
				B61A91E819CF2ADB002201FB /* IFLWallpaperDownloadRequest.h in CopyFiles */,
				B61A91E919CF2ADB002201FB /* IFLWallpapersRequest.h in CopyFiles */,
				B61A91EA19CF2ADB002201FB /* IFLWallpaperByTimestampRequest.h in CopyFiles */,
				B61A91EB19CF2ADB002201FB /* IFLClient.h in CopyFiles */,
			);
			runOnlyForDeploymentPostprocessing = 0;
		};
/* End PBXCopyFilesBuildPhase section */

/* Begin PBXFileReference section */
		B609774019D3AED6003F8264 /* IFLRequestTest.m */ = {isa = PBXFileReference; fileEncoding = 4; lastKnownFileType = sourcecode.c.objc; path = IFLRequestTest.m; sourceTree = "<group>"; };
		B609774219D3AEE2003F8264 /* IFLCameraBodyRequestTest.m */ = {isa = PBXFileReference; fileEncoding = 4; lastKnownFileType = sourcecode.c.objc; path = IFLCameraBodyRequestTest.m; sourceTree = "<group>"; };
		B609774419D3AEF3003F8264 /* FILCameraLensRequestTest.m */ = {isa = PBXFileReference; fileEncoding = 4; lastKnownFileType = sourcecode.c.objc; path = FILCameraLensRequestTest.m; sourceTree = "<group>"; };
		B609774619D3AF22003F8264 /* FILSingleCommentRequest.m */ = {isa = PBXFileReference; fileEncoding = 4; lastKnownFileType = sourcecode.c.objc; path = FILSingleCommentRequest.m; sourceTree = "<group>"; };
		B609774819D3AF34003F8264 /* IFLCommentsRequestTest.m */ = {isa = PBXFileReference; fileEncoding = 4; lastKnownFileType = sourcecode.c.objc; path = IFLCommentsRequestTest.m; sourceTree = "<group>"; };
		B609774A19D3AF44003F8264 /* IFLFavoritesRequestTest.m */ = {isa = PBXFileReference; fileEncoding = 4; lastKnownFileType = sourcecode.c.objc; path = IFLFavoritesRequestTest.m; sourceTree = "<group>"; };
		B609774C19D3AF50003F8264 /* IFLSingleSubmissionRequestTest.m */ = {isa = PBXFileReference; fileEncoding = 4; lastKnownFileType = sourcecode.c.objc; path = IFLSingleSubmissionRequestTest.m; sourceTree = "<group>"; };
		B609774E19D3AF5D003F8264 /* IFLSubmissionsRequestTest.m */ = {isa = PBXFileReference; fileEncoding = 4; lastKnownFileType = sourcecode.c.objc; path = IFLSubmissionsRequestTest.m; sourceTree = "<group>"; };
		B609775019D3AF83003F8264 /* IFLSubmissionsDownloadRequestTest.m */ = {isa = PBXFileReference; fileEncoding = 4; lastKnownFileType = sourcecode.c.objc; path = IFLSubmissionsDownloadRequestTest.m; sourceTree = "<group>"; };
		B609775219D3AF8E003F8264 /* IFLTagsRequestTest.m */ = {isa = PBXFileReference; fileEncoding = 4; lastKnownFileType = sourcecode.c.objc; path = IFLTagsRequestTest.m; sourceTree = "<group>"; };
		B609775419D3AF9A003F8264 /* IFLSingleTagRequestTest.m */ = {isa = PBXFileReference; fileEncoding = 4; lastKnownFileType = sourcecode.c.objc; path = IFLSingleTagRequestTest.m; sourceTree = "<group>"; };
		B609775619D3AFA5003F8264 /* IFLWallpapersRequestTest.m */ = {isa = PBXFileReference; fileEncoding = 4; lastKnownFileType = sourcecode.c.objc; path = IFLWallpapersRequestTest.m; sourceTree = "<group>"; };
		B609775819D3AFBD003F8264 /* IFLWallpaperDownloadRequestTest.m */ = {isa = PBXFileReference; fileEncoding = 4; lastKnownFileType = sourcecode.c.objc; path = IFLWallpaperDownloadRequestTest.m; sourceTree = "<group>"; };
		B609775A19D3AFC9003F8264 /* IFLWallpaperByTimestampRequestTest.m */ = {isa = PBXFileReference; fileEncoding = 4; lastKnownFileType = sourcecode.c.objc; path = IFLWallpaperByTimestampRequestTest.m; sourceTree = "<group>"; };
		B62B8D5619D755D300553C0B /* IFLLensModelTest.m */ = {isa = PBXFileReference; fileEncoding = 4; lastKnownFileType = sourcecode.c.objc; path = IFLLensModelTest.m; sourceTree = "<group>"; };
		B62B8D5819D75A4F00553C0B /* IFLCommenModelTest.m */ = {isa = PBXFileReference; fileEncoding = 4; lastKnownFileType = sourcecode.c.objc; path = IFLCommenModelTest.m; sourceTree = "<group>"; };
		B62B8D5A19D75D0500553C0B /* IFLWallpaperModelTest.m */ = {isa = PBXFileReference; fileEncoding = 4; lastKnownFileType = sourcecode.c.objc; path = IFLWallpaperModelTest.m; sourceTree = "<group>"; };
		B62B8D5C19D765E800553C0B /* wallpaper.json */ = {isa = PBXFileReference; fileEncoding = 4; lastKnownFileType = text.json; path = wallpaper.json; sourceTree = "<group>"; };
		B62B8D5E19D769E400553C0B /* submission_download.json */ = {isa = PBXFileReference; fileEncoding = 4; lastKnownFileType = text.json; path = submission_download.json; sourceTree = "<group>"; };
		B62B8D6019D769F500553C0B /* IFLSubmissionDownloadModelTest.m */ = {isa = PBXFileReference; fileEncoding = 4; lastKnownFileType = sourcecode.c.objc; path = IFLSubmissionDownloadModelTest.m; sourceTree = "<group>"; };
		B62B8D6219D76D8E00553C0B /* IFLWallpaperDownloadModelTest.m */ = {isa = PBXFileReference; fileEncoding = 4; lastKnownFileType = sourcecode.c.objc; path = IFLWallpaperDownloadModelTest.m; sourceTree = "<group>"; };
		B62B8D6419D7B39A00553C0B /* wallpaper_download.json */ = {isa = PBXFileReference; fileEncoding = 4; lastKnownFileType = text.json; path = wallpaper_download.json; sourceTree = "<group>"; };
		B62B8D6619D7B50800553C0B /* tag.json */ = {isa = PBXFileReference; fileEncoding = 4; lastKnownFileType = text.json; path = tag.json; sourceTree = "<group>"; };
		B62B8D6719D7B50800553C0B /* user.json */ = {isa = PBXFileReference; fileEncoding = 4; lastKnownFileType = text.json; path = user.json; sourceTree = "<group>"; };
		B62B8D6A19D7B5E800553C0B /* IFLUserModelTest.m */ = {isa = PBXFileReference; fileEncoding = 4; lastKnownFileType = sourcecode.c.objc; path = IFLUserModelTest.m; sourceTree = "<group>"; };
		B62B8D6C19D7B5F100553C0B /* IFLTagModelTest.m */ = {isa = PBXFileReference; fileEncoding = 4; lastKnownFileType = sourcecode.c.objc; path = IFLTagModelTest.m; sourceTree = "<group>"; };
		B636132019E23C610091CA5B /* IFLWallpaper.h */ = {isa = PBXFileReference; fileEncoding = 4; lastKnownFileType = sourcecode.c.h; path = IFLWallpaper.h; sourceTree = "<group>"; };
		B636132119E23C610091CA5B /* IFLWallpaper.m */ = {isa = PBXFileReference; fileEncoding = 4; lastKnownFileType = sourcecode.c.objc; path = IFLWallpaper.m; sourceTree = "<group>"; };
		B64F028419CDCB6200FE6755 /* IFLModel.h */ = {isa = PBXFileReference; fileEncoding = 4; lastKnownFileType = sourcecode.c.h; path = IFLModel.h; sourceTree = "<group>"; };
		B64F028519CDCB6200FE6755 /* IFLModel.m */ = {isa = PBXFileReference; fileEncoding = 4; lastKnownFileType = sourcecode.c.objc; path = IFLModel.m; sourceTree = "<group>"; };
		B64F028D19CE631500FE6755 /* IFLLens.h */ = {isa = PBXFileReference; fileEncoding = 4; lastKnownFileType = sourcecode.c.h; path = IFLLens.h; sourceTree = "<group>"; };
		B64F028E19CE631500FE6755 /* IFLLens.m */ = {isa = PBXFileReference; fileEncoding = 4; lastKnownFileType = sourcecode.c.objc; path = IFLLens.m; sourceTree = "<group>"; };
		B64F029019CE651D00FE6755 /* IFLComment.h */ = {isa = PBXFileReference; fileEncoding = 4; lastKnownFileType = sourcecode.c.h; path = IFLComment.h; sourceTree = "<group>"; };
		B64F029119CE651D00FE6755 /* IFLComment.m */ = {isa = PBXFileReference; fileEncoding = 4; lastKnownFileType = sourcecode.c.objc; path = IFLComment.m; sourceTree = "<group>"; };
		B64F029919CE6D5A00FE6755 /* IFLSubmissionDownload.h */ = {isa = PBXFileReference; fileEncoding = 4; lastKnownFileType = sourcecode.c.h; path = IFLSubmissionDownload.h; sourceTree = "<group>"; };
		B64F029A19CE6D5A00FE6755 /* IFLSubmissionDownload.m */ = {isa = PBXFileReference; fileEncoding = 4; lastKnownFileType = sourcecode.c.objc; path = IFLSubmissionDownload.m; sourceTree = "<group>"; };
		B64F029C19CE6FB700FE6755 /* IFLWallpaperDownload.h */ = {isa = PBXFileReference; fileEncoding = 4; lastKnownFileType = sourcecode.c.h; path = IFLWallpaperDownload.h; sourceTree = "<group>"; };
		B64F029D19CE6FB700FE6755 /* IFLWallpaperDownload.m */ = {isa = PBXFileReference; fileEncoding = 4; lastKnownFileType = sourcecode.c.objc; path = IFLWallpaperDownload.m; sourceTree = "<group>"; };
		B64F029F19CE700D00FE6755 /* IFLUser.h */ = {isa = PBXFileReference; fileEncoding = 4; lastKnownFileType = sourcecode.c.h; path = IFLUser.h; sourceTree = "<group>"; };
		B64F02A019CE700D00FE6755 /* IFLUser.m */ = {isa = PBXFileReference; fileEncoding = 4; lastKnownFileType = sourcecode.c.objc; path = IFLUser.m; sourceTree = "<group>"; };
		B64F02A219CE746500FE6755 /* IFLTag.h */ = {isa = PBXFileReference; fileEncoding = 4; lastKnownFileType = sourcecode.c.h; path = IFLTag.h; sourceTree = "<group>"; };
		B64F02A319CE746500FE6755 /* IFLTag.m */ = {isa = PBXFileReference; fileEncoding = 4; lastKnownFileType = sourcecode.c.objc; path = IFLTag.m; sourceTree = "<group>"; };
		B65978F619F5ECAA002D42CF /* Mashape.key */ = {isa = PBXFileReference; lastKnownFileType = text; path = Mashape.key; sourceTree = "<group>"; };
		B67CDD9719CD50B20038CEF2 /* IFLCamera.h */ = {isa = PBXFileReference; fileEncoding = 4; lastKnownFileType = sourcecode.c.h; path = IFLCamera.h; sourceTree = "<group>"; };
		B67CDD9819CD50B20038CEF2 /* IFLCamera.m */ = {isa = PBXFileReference; fileEncoding = 4; lastKnownFileType = sourcecode.c.objc; path = IFLCamera.m; sourceTree = "<group>"; };
		B691DD9D19D5CC9F00911394 /* NSArray+DGParameterizeArray.h */ = {isa = PBXFileReference; fileEncoding = 4; lastKnownFileType = sourcecode.c.h; path = "NSArray+DGParameterizeArray.h"; sourceTree = "<group>"; };
		B691DD9E19D5CC9F00911394 /* NSArray+DGParameterizeArray.m */ = {isa = PBXFileReference; fileEncoding = 4; lastKnownFileType = sourcecode.c.objc; path = "NSArray+DGParameterizeArray.m"; sourceTree = "<group>"; };
		B691DDA019D5E82600911394 /* IFLSingleWallpaperRequestTest.m */ = {isa = PBXFileReference; fileEncoding = 4; lastKnownFileType = sourcecode.c.objc; path = IFLSingleWallpaperRequestTest.m; sourceTree = "<group>"; };
		B691DDA319D64B4A00911394 /* submission_wallpaper.json */ = {isa = PBXFileReference; fileEncoding = 4; lastKnownFileType = text.json; path = submission_wallpaper.json; sourceTree = "<group>"; };
		B691DDA419D64B4A00911394 /* favorites_wallpaper_array.json */ = {isa = PBXFileReference; fileEncoding = 4; lastKnownFileType = text.json; path = favorites_wallpaper_array.json; sourceTree = "<group>"; };
		B691DDA519D64B4A00911394 /* comments.json */ = {isa = PBXFileReference; fileEncoding = 4; lastKnownFileType = text.json; path = comments.json; sourceTree = "<group>"; };
		B691DDA619D64B4A00911394 /* comment.json */ = {isa = PBXFileReference; fileEncoding = 4; lastKnownFileType = text.json; path = comment.json; sourceTree = "<group>"; };
		B691DDA719D64B4A00911394 /* camera_lens.json */ = {isa = PBXFileReference; fileEncoding = 4; lastKnownFileType = text.json; path = camera_lens.json; sourceTree = "<group>"; };
		B691DDA819D64B4A00911394 /* camera_body.json */ = {isa = PBXFileReference; fileEncoding = 4; lastKnownFileType = text.json; path = camera_body.json; sourceTree = "<group>"; };
		B691DDA919D64B4A00911394 /* camera_object.json */ = {isa = PBXFileReference; fileEncoding = 4; lastKnownFileType = text.json; path = camera_object.json; sourceTree = "<group>"; };
		B691DDB119D64CA800911394 /* IFLCameraModelTest.m */ = {isa = PBXFileReference; fileEncoding = 4; lastKnownFileType = sourcecode.c.objc; path = IFLCameraModelTest.m; sourceTree = "<group>"; };
		B69B453D19F0D32F00CE4916 /* WallpaperRequestJSONDownload.m */ = {isa = PBXFileReference; fileEncoding = 4; lastKnownFileType = sourcecode.c.objc; path = WallpaperRequestJSONDownload.m; sourceTree = "<group>"; };
		B6B2466E19CA81B600020CD6 /* libIFLKit.a */ = {isa = PBXFileReference; explicitFileType = archive.ar; includeInIndex = 0; path = libIFLKit.a; sourceTree = BUILT_PRODUCTS_DIR; };
		B6B2467119CA81B600020CD6 /* Foundation.framework */ = {isa = PBXFileReference; lastKnownFileType = wrapper.framework; name = Foundation.framework; path = System/Library/Frameworks/Foundation.framework; sourceTree = SDKROOT; };
		B6B2467519CA81B600020CD6 /* IFLKit-Prefix.pch */ = {isa = PBXFileReference; lastKnownFileType = sourcecode.c.h; path = "IFLKit-Prefix.pch"; sourceTree = "<group>"; };
		B6B2467E19CA81B600020CD6 /* IFLKitTests.xctest */ = {isa = PBXFileReference; explicitFileType = wrapper.cfbundle; includeInIndex = 0; path = IFLKitTests.xctest; sourceTree = BUILT_PRODUCTS_DIR; };
		B6B2467F19CA81B600020CD6 /* XCTest.framework */ = {isa = PBXFileReference; lastKnownFileType = wrapper.framework; name = XCTest.framework; path = Library/Frameworks/XCTest.framework; sourceTree = DEVELOPER_DIR; };
		B6B2468219CA81B600020CD6 /* UIKit.framework */ = {isa = PBXFileReference; lastKnownFileType = wrapper.framework; name = UIKit.framework; path = Library/Frameworks/UIKit.framework; sourceTree = DEVELOPER_DIR; };
		B6B2468919CA81B600020CD6 /* IFLKitTests-Info.plist */ = {isa = PBXFileReference; lastKnownFileType = text.plist.xml; path = "IFLKitTests-Info.plist"; sourceTree = "<group>"; };
		B6B2468B19CA81B600020CD6 /* en */ = {isa = PBXFileReference; lastKnownFileType = text.plist.strings; name = en; path = en.lproj/InfoPlist.strings; sourceTree = "<group>"; };
		B6B2469819CA821100020CD6 /* IFLRequest.h */ = {isa = PBXFileReference; fileEncoding = 4; lastKnownFileType = sourcecode.c.h; path = IFLRequest.h; sourceTree = "<group>"; };
		B6B2469919CA821100020CD6 /* IFLRequest.m */ = {isa = PBXFileReference; fileEncoding = 4; lastKnownFileType = sourcecode.c.objc; path = IFLRequest.m; sourceTree = "<group>"; };
		B6B2469F19CA9C2600020CD6 /* IFLClient.h */ = {isa = PBXFileReference; fileEncoding = 4; lastKnownFileType = sourcecode.c.h; path = IFLClient.h; sourceTree = "<group>"; };
		B6B246A019CA9C2600020CD6 /* IFLClient.m */ = {isa = PBXFileReference; fileEncoding = 4; lastKnownFileType = sourcecode.c.objc; path = IFLClient.m; sourceTree = "<group>"; };
		B6B246A219CBCA6600020CD6 /* IFLCameraBodyRequest.h */ = {isa = PBXFileReference; fileEncoding = 4; lastKnownFileType = sourcecode.c.h; path = IFLCameraBodyRequest.h; sourceTree = "<group>"; };
		B6B246A319CBCA6600020CD6 /* IFLCameraBodyRequest.m */ = {isa = PBXFileReference; fileEncoding = 4; lastKnownFileType = sourcecode.c.objc; path = IFLCameraBodyRequest.m; sourceTree = "<group>"; };
		B6B246A519CBCA7C00020CD6 /* IFLCameraLensRequest.h */ = {isa = PBXFileReference; fileEncoding = 4; lastKnownFileType = sourcecode.c.h; path = IFLCameraLensRequest.h; sourceTree = "<group>"; };
		B6B246A619CBCA7C00020CD6 /* IFLCameraLensRequest.m */ = {isa = PBXFileReference; fileEncoding = 4; lastKnownFileType = sourcecode.c.objc; path = IFLCameraLensRequest.m; sourceTree = "<group>"; };
		B6B246A819CBCA8D00020CD6 /* IFLSingleCommentRequest.h */ = {isa = PBXFileReference; fileEncoding = 4; lastKnownFileType = sourcecode.c.h; path = IFLSingleCommentRequest.h; sourceTree = "<group>"; };
		B6B246A919CBCA8D00020CD6 /* IFLSingleCommentRequest.m */ = {isa = PBXFileReference; fileEncoding = 4; lastKnownFileType = sourcecode.c.objc; path = IFLSingleCommentRequest.m; sourceTree = "<group>"; };
		B6B246AB19CBCAA300020CD6 /* IFLCommentsRequest.h */ = {isa = PBXFileReference; fileEncoding = 4; lastKnownFileType = sourcecode.c.h; path = IFLCommentsRequest.h; sourceTree = "<group>"; };
		B6B246AC19CBCAA300020CD6 /* IFLCommentsRequest.m */ = {isa = PBXFileReference; fileEncoding = 4; lastKnownFileType = sourcecode.c.objc; path = IFLCommentsRequest.m; sourceTree = "<group>"; };
		B6B246AE19CBCAB900020CD6 /* IFLFavoritesRequest.h */ = {isa = PBXFileReference; fileEncoding = 4; lastKnownFileType = sourcecode.c.h; path = IFLFavoritesRequest.h; sourceTree = "<group>"; };
		B6B246AF19CBCAB900020CD6 /* IFLFavoritesRequest.m */ = {isa = PBXFileReference; fileEncoding = 4; lastKnownFileType = sourcecode.c.objc; path = IFLFavoritesRequest.m; sourceTree = "<group>"; };
		B6B246B119CBCAC900020CD6 /* IFLSingleSubmissionRequest.h */ = {isa = PBXFileReference; fileEncoding = 4; lastKnownFileType = sourcecode.c.h; path = IFLSingleSubmissionRequest.h; sourceTree = "<group>"; };
		B6B246B219CBCAC900020CD6 /* IFLSingleSubmissionRequest.m */ = {isa = PBXFileReference; fileEncoding = 4; lastKnownFileType = sourcecode.c.objc; path = IFLSingleSubmissionRequest.m; sourceTree = "<group>"; };
		B6B246B419CBCAD700020CD6 /* IFLSubmissionsRequest.h */ = {isa = PBXFileReference; fileEncoding = 4; lastKnownFileType = sourcecode.c.h; path = IFLSubmissionsRequest.h; sourceTree = "<group>"; };
		B6B246B519CBCAD700020CD6 /* IFLSubmissionsRequest.m */ = {isa = PBXFileReference; fileEncoding = 4; lastKnownFileType = sourcecode.c.objc; path = IFLSubmissionsRequest.m; sourceTree = "<group>"; };
		B6B246B719CBCAE700020CD6 /* IFLSubmissionsDownloadRequest.h */ = {isa = PBXFileReference; fileEncoding = 4; lastKnownFileType = sourcecode.c.h; path = IFLSubmissionsDownloadRequest.h; sourceTree = "<group>"; };
		B6B246B819CBCAE700020CD6 /* IFLSubmissionsDownloadRequest.m */ = {isa = PBXFileReference; fileEncoding = 4; lastKnownFileType = sourcecode.c.objc; path = IFLSubmissionsDownloadRequest.m; sourceTree = "<group>"; };
		B6B246BA19CBCAF800020CD6 /* IFLTagsRequest.h */ = {isa = PBXFileReference; fileEncoding = 4; lastKnownFileType = sourcecode.c.h; path = IFLTagsRequest.h; sourceTree = "<group>"; };
		B6B246BB19CBCAF800020CD6 /* IFLTagsRequest.m */ = {isa = PBXFileReference; fileEncoding = 4; lastKnownFileType = sourcecode.c.objc; path = IFLTagsRequest.m; sourceTree = "<group>"; };
		B6B246BD19CBCB0B00020CD6 /* IFLSingleTagRequest.h */ = {isa = PBXFileReference; fileEncoding = 4; lastKnownFileType = sourcecode.c.h; path = IFLSingleTagRequest.h; sourceTree = "<group>"; };
		B6B246BE19CBCB0B00020CD6 /* IFLSingleTagRequest.m */ = {isa = PBXFileReference; fileEncoding = 4; lastKnownFileType = sourcecode.c.objc; path = IFLSingleTagRequest.m; sourceTree = "<group>"; };
		B6B246C019CBCB1C00020CD6 /* IFLSingleWallpaperRequest.h */ = {isa = PBXFileReference; fileEncoding = 4; lastKnownFileType = sourcecode.c.h; path = IFLSingleWallpaperRequest.h; sourceTree = "<group>"; };
		B6B246C119CBCB1C00020CD6 /* IFLSingleWallpaperRequest.m */ = {isa = PBXFileReference; fileEncoding = 4; lastKnownFileType = sourcecode.c.objc; path = IFLSingleWallpaperRequest.m; sourceTree = "<group>"; };
		B6B246C319CBCB2A00020CD6 /* IFLWallpaperDownloadRequest.h */ = {isa = PBXFileReference; fileEncoding = 4; lastKnownFileType = sourcecode.c.h; path = IFLWallpaperDownloadRequest.h; sourceTree = "<group>"; };
		B6B246C419CBCB2A00020CD6 /* IFLWallpaperDownloadRequest.m */ = {isa = PBXFileReference; fileEncoding = 4; lastKnownFileType = sourcecode.c.objc; path = IFLWallpaperDownloadRequest.m; sourceTree = "<group>"; };
		B6B246C619CBCB3900020CD6 /* IFLWallpapersRequest.h */ = {isa = PBXFileReference; fileEncoding = 4; lastKnownFileType = sourcecode.c.h; path = IFLWallpapersRequest.h; sourceTree = "<group>"; };
		B6B246C719CBCB3900020CD6 /* IFLWallpapersRequest.m */ = {isa = PBXFileReference; fileEncoding = 4; lastKnownFileType = sourcecode.c.objc; path = IFLWallpapersRequest.m; sourceTree = "<group>"; };
		B6B246C919CBCB4800020CD6 /* IFLWallpaperByTimestampRequest.h */ = {isa = PBXFileReference; fileEncoding = 4; lastKnownFileType = sourcecode.c.h; path = IFLWallpaperByTimestampRequest.h; sourceTree = "<group>"; };
		B6B246CA19CBCB4800020CD6 /* IFLWallpaperByTimestampRequest.m */ = {isa = PBXFileReference; fileEncoding = 4; lastKnownFileType = sourcecode.c.objc; path = IFLWallpaperByTimestampRequest.m; sourceTree = "<group>"; };
/* End PBXFileReference section */

/* Begin PBXFrameworksBuildPhase section */
		B6B2466B19CA81B600020CD6 /* Frameworks */ = {
			isa = PBXFrameworksBuildPhase;
			buildActionMask = 2147483647;
			files = (
				B6B2467219CA81B600020CD6 /* Foundation.framework in Frameworks */,
			);
			runOnlyForDeploymentPostprocessing = 0;
		};
		B6B2467B19CA81B600020CD6 /* Frameworks */ = {
			isa = PBXFrameworksBuildPhase;
			buildActionMask = 2147483647;
			files = (
				B6B2468019CA81B600020CD6 /* XCTest.framework in Frameworks */,
				B6B2468319CA81B600020CD6 /* UIKit.framework in Frameworks */,
				B6B2468119CA81B600020CD6 /* Foundation.framework in Frameworks */,
				B6B2468619CA81B600020CD6 /* libIFLKit.a in Frameworks */,
			);
			runOnlyForDeploymentPostprocessing = 0;
		};
/* End PBXFrameworksBuildPhase section */

/* Begin PBXGroup section */
		B64F028719CDCE3100FE6755 /* ModelTest */ = {
			isa = PBXGroup;
			children = (
				B691DDB119D64CA800911394 /* IFLCameraModelTest.m */,
				B62B8D5619D755D300553C0B /* IFLLensModelTest.m */,
				B62B8D5819D75A4F00553C0B /* IFLCommenModelTest.m */,
				B62B8D5A19D75D0500553C0B /* IFLWallpaperModelTest.m */,
				B62B8D6019D769F500553C0B /* IFLSubmissionDownloadModelTest.m */,
				B62B8D6219D76D8E00553C0B /* IFLWallpaperDownloadModelTest.m */,
				B62B8D6A19D7B5E800553C0B /* IFLUserModelTest.m */,
				B62B8D6C19D7B5F100553C0B /* IFLTagModelTest.m */,
			);
			name = ModelTest;
			sourceTree = "<group>";
		};
		B64F028819CDCE3F00FE6755 /* RequestTest */ = {
			isa = PBXGroup;
			children = (
				B609774019D3AED6003F8264 /* IFLRequestTest.m */,
				B609774219D3AEE2003F8264 /* IFLCameraBodyRequestTest.m */,
				B609774419D3AEF3003F8264 /* FILCameraLensRequestTest.m */,
				B609774619D3AF22003F8264 /* FILSingleCommentRequest.m */,
				B609774819D3AF34003F8264 /* IFLCommentsRequestTest.m */,
				B609774A19D3AF44003F8264 /* IFLFavoritesRequestTest.m */,
				B609774C19D3AF50003F8264 /* IFLSingleSubmissionRequestTest.m */,
				B609775019D3AF83003F8264 /* IFLSubmissionsDownloadRequestTest.m */,
				B609774E19D3AF5D003F8264 /* IFLSubmissionsRequestTest.m */,
				B609775419D3AF9A003F8264 /* IFLSingleTagRequestTest.m */,
				B609775219D3AF8E003F8264 /* IFLTagsRequestTest.m */,
				B691DDA019D5E82600911394 /* IFLSingleWallpaperRequestTest.m */,
				B609775819D3AFBD003F8264 /* IFLWallpaperDownloadRequestTest.m */,
				B609775619D3AFA5003F8264 /* IFLWallpapersRequestTest.m */,
				B609775A19D3AFC9003F8264 /* IFLWallpaperByTimestampRequestTest.m */,
			);
			name = RequestTest;
			sourceTree = "<group>";
		};
		B691DD9C19D5CC6900911394 /* Catagories */ = {
			isa = PBXGroup;
			children = (
				B691DD9D19D5CC9F00911394 /* NSArray+DGParameterizeArray.h */,
				B691DD9E19D5CC9F00911394 /* NSArray+DGParameterizeArray.m */,
			);
			name = Catagories;
			sourceTree = "<group>";
		};
		B691DDA219D64B3800911394 /* TestingFiles */ = {
			isa = PBXGroup;
			children = (
				B62B8D6619D7B50800553C0B /* tag.json */,
				B62B8D6719D7B50800553C0B /* user.json */,
				B62B8D6419D7B39A00553C0B /* wallpaper_download.json */,
				B62B8D5C19D765E800553C0B /* wallpaper.json */,
				B62B8D5E19D769E400553C0B /* submission_download.json */,
				B691DDA319D64B4A00911394 /* submission_wallpaper.json */,
				B691DDA419D64B4A00911394 /* favorites_wallpaper_array.json */,
				B691DDA519D64B4A00911394 /* comments.json */,
				B691DDA619D64B4A00911394 /* comment.json */,
				B691DDA719D64B4A00911394 /* camera_lens.json */,
				B691DDA819D64B4A00911394 /* camera_body.json */,
				B691DDA919D64B4A00911394 /* camera_object.json */,
			);
			name = TestingFiles;
			sourceTree = "<group>";
		};
		B69B453C19F0D2D000CE4916 /* NetworkTest_Private */ = {
			isa = PBXGroup;
			children = (
				B69B453D19F0D32F00CE4916 /* WallpaperRequestJSONDownload.m */,
			);
			name = NetworkTest_Private;
			sourceTree = "<group>";
		};
		B6B2466519CA81B600020CD6 = {
			isa = PBXGroup;
			children = (
				B65978F619F5ECAA002D42CF /* Mashape.key */,
				B6B2467319CA81B600020CD6 /* IFLKit */,
				B6B2468719CA81B600020CD6 /* IFLKitTest */,
				B6B2467019CA81B600020CD6 /* Frameworks */,
				B6B2466F19CA81B600020CD6 /* Products */,
			);
			sourceTree = "<group>";
		};
		B6B2466F19CA81B600020CD6 /* Products */ = {
			isa = PBXGroup;
			children = (
				B6B2466E19CA81B600020CD6 /* libIFLKit.a */,
				B6B2467E19CA81B600020CD6 /* IFLKitTests.xctest */,
			);
			name = Products;
			sourceTree = "<group>";
		};
		B6B2467019CA81B600020CD6 /* Frameworks */ = {
			isa = PBXGroup;
			children = (
				B6B2467119CA81B600020CD6 /* Foundation.framework */,
				B6B2467F19CA81B600020CD6 /* XCTest.framework */,
				B6B2468219CA81B600020CD6 /* UIKit.framework */,
			);
			name = Frameworks;
			sourceTree = "<group>";
		};
		B6B2467319CA81B600020CD6 /* IFLKit */ = {
			isa = PBXGroup;
			children = (
				B691DD9C19D5CC6900911394 /* Catagories */,
				B6B2469B19CA837000020CD6 /* Model */,
				B6B2469719CA81F500020CD6 /* Request */,
				B6B2469F19CA9C2600020CD6 /* IFLClient.h */,
				B6B246A019CA9C2600020CD6 /* IFLClient.m */,
				B6B2467419CA81B600020CD6 /* Supporting Files */,
			);
			name = IFLKit;
			path = InterfaceliftKit;
			sourceTree = "<group>";
		};
		B6B2467419CA81B600020CD6 /* Supporting Files */ = {
			isa = PBXGroup;
			children = (
				B6B2467519CA81B600020CD6 /* IFLKit-Prefix.pch */,
			);
			name = "Supporting Files";
			sourceTree = "<group>";
		};
		B6B2468719CA81B600020CD6 /* IFLKitTest */ = {
			isa = PBXGroup;
			children = (
				B69B453C19F0D2D000CE4916 /* NetworkTest_Private */,
				B691DDA219D64B3800911394 /* TestingFiles */,
				B64F028819CDCE3F00FE6755 /* RequestTest */,
				B64F028719CDCE3100FE6755 /* ModelTest */,
				B6B2468819CA81B600020CD6 /* Supporting Files */,
			);
			name = IFLKitTest;
			path = InterfaceliftKitTests;
			sourceTree = "<group>";
		};
		B6B2468819CA81B600020CD6 /* Supporting Files */ = {
			isa = PBXGroup;
			children = (
				B6B2468919CA81B600020CD6 /* IFLKitTests-Info.plist */,
				B6B2468A19CA81B600020CD6 /* InfoPlist.strings */,
			);
			name = "Supporting Files";
			sourceTree = "<group>";
		};
		B6B2469719CA81F500020CD6 /* Request */ = {
			isa = PBXGroup;
			children = (
				B6B2469819CA821100020CD6 /* IFLRequest.h */,
				B6B2469919CA821100020CD6 /* IFLRequest.m */,
				B6B246A219CBCA6600020CD6 /* IFLCameraBodyRequest.h */,
				B6B246A319CBCA6600020CD6 /* IFLCameraBodyRequest.m */,
				B6B246A519CBCA7C00020CD6 /* IFLCameraLensRequest.h */,
				B6B246A619CBCA7C00020CD6 /* IFLCameraLensRequest.m */,
				B6B246A819CBCA8D00020CD6 /* IFLSingleCommentRequest.h */,
				B6B246A919CBCA8D00020CD6 /* IFLSingleCommentRequest.m */,
				B6B246AB19CBCAA300020CD6 /* IFLCommentsRequest.h */,
				B6B246AC19CBCAA300020CD6 /* IFLCommentsRequest.m */,
				B6B246AE19CBCAB900020CD6 /* IFLFavoritesRequest.h */,
				B6B246AF19CBCAB900020CD6 /* IFLFavoritesRequest.m */,
				B6B246B119CBCAC900020CD6 /* IFLSingleSubmissionRequest.h */,
				B6B246B219CBCAC900020CD6 /* IFLSingleSubmissionRequest.m */,
				B6B246B719CBCAE700020CD6 /* IFLSubmissionsDownloadRequest.h */,
				B6B246B819CBCAE700020CD6 /* IFLSubmissionsDownloadRequest.m */,
				B6B246B419CBCAD700020CD6 /* IFLSubmissionsRequest.h */,
				B6B246B519CBCAD700020CD6 /* IFLSubmissionsRequest.m */,
				B6B246BA19CBCAF800020CD6 /* IFLTagsRequest.h */,
				B6B246BB19CBCAF800020CD6 /* IFLTagsRequest.m */,
				B6B246BD19CBCB0B00020CD6 /* IFLSingleTagRequest.h */,
				B6B246BE19CBCB0B00020CD6 /* IFLSingleTagRequest.m */,
				B6B246C019CBCB1C00020CD6 /* IFLSingleWallpaperRequest.h */,
				B6B246C119CBCB1C00020CD6 /* IFLSingleWallpaperRequest.m */,
				B6B246C319CBCB2A00020CD6 /* IFLWallpaperDownloadRequest.h */,
				B6B246C419CBCB2A00020CD6 /* IFLWallpaperDownloadRequest.m */,
				B6B246C619CBCB3900020CD6 /* IFLWallpapersRequest.h */,
				B6B246C719CBCB3900020CD6 /* IFLWallpapersRequest.m */,
				B6B246C919CBCB4800020CD6 /* IFLWallpaperByTimestampRequest.h */,
				B6B246CA19CBCB4800020CD6 /* IFLWallpaperByTimestampRequest.m */,
			);
			name = Request;
			sourceTree = "<group>";
		};
		B6B2469B19CA837000020CD6 /* Model */ = {
			isa = PBXGroup;
			children = (
				B636132019E23C610091CA5B /* IFLWallpaper.h */,
				B636132119E23C610091CA5B /* IFLWallpaper.m */,
				B64F028419CDCB6200FE6755 /* IFLModel.h */,
				B64F028519CDCB6200FE6755 /* IFLModel.m */,
				B67CDD9719CD50B20038CEF2 /* IFLCamera.h */,
				B67CDD9819CD50B20038CEF2 /* IFLCamera.m */,
				B64F028D19CE631500FE6755 /* IFLLens.h */,
				B64F028E19CE631500FE6755 /* IFLLens.m */,
				B64F029019CE651D00FE6755 /* IFLComment.h */,
				B64F029119CE651D00FE6755 /* IFLComment.m */,
				B64F029919CE6D5A00FE6755 /* IFLSubmissionDownload.h */,
				B64F029A19CE6D5A00FE6755 /* IFLSubmissionDownload.m */,
				B64F029C19CE6FB700FE6755 /* IFLWallpaperDownload.h */,
				B64F029D19CE6FB700FE6755 /* IFLWallpaperDownload.m */,
				B64F029F19CE700D00FE6755 /* IFLUser.h */,
				B64F02A019CE700D00FE6755 /* IFLUser.m */,
				B64F02A219CE746500FE6755 /* IFLTag.h */,
				B64F02A319CE746500FE6755 /* IFLTag.m */,
			);
			name = Model;
			sourceTree = "<group>";
		};
/* End PBXGroup section */

/* Begin PBXHeadersBuildPhase section */
		B659791A19F73C8B002D42CF /* Headers */ = {
			isa = PBXHeadersBuildPhase;
			buildActionMask = 2147483647;
			files = (
				B659791B19F73CC5002D42CF /* IFLRequest.h in Headers */,
				B659791C19F73CC5002D42CF /* IFLCameraBodyRequest.h in Headers */,
				B659791D19F73CC5002D42CF /* IFLCameraLensRequest.h in Headers */,
				B659791E19F73CC5002D42CF /* IFLSingleCommentRequest.h in Headers */,
				B659791F19F73CC5002D42CF /* IFLCommentsRequest.h in Headers */,
				B659792019F73CC5002D42CF /* IFLFavoritesRequest.h in Headers */,
				B659792119F73CC5002D42CF /* IFLSingleSubmissionRequest.h in Headers */,
				B659792219F73CC5002D42CF /* IFLSubmissionsDownloadRequest.h in Headers */,
				B659792319F73CC5002D42CF /* IFLSubmissionsRequest.h in Headers */,
				B659792419F73CC5002D42CF /* IFLTagsRequest.h in Headers */,
				B659792519F73CC5002D42CF /* IFLSingleTagRequest.h in Headers */,
				B659792619F73CC5002D42CF /* IFLSingleWallpaperRequest.h in Headers */,
				B659792719F73CC5002D42CF /* IFLWallpaperDownloadRequest.h in Headers */,
				B659792819F73CC5002D42CF /* IFLWallpapersRequest.h in Headers */,
				B659792919F73CC5002D42CF /* IFLWallpaperByTimestampRequest.h in Headers */,
				B659792A19F73CD6002D42CF /* IFLWallpaper.h in Headers */,
				B659793319F73CDF002D42CF /* IFLClient.h in Headers */,
				B659792B19F73CD6002D42CF /* IFLModel.h in Headers */,
				B659792C19F73CD6002D42CF /* IFLCamera.h in Headers */,
				B659792D19F73CD7002D42CF /* IFLLens.h in Headers */,
				B659792E19F73CD7002D42CF /* IFLComment.h in Headers */,
				B659792F19F73CD7002D42CF /* IFLSubmissionDownload.h in Headers */,
				B659793019F73CD7002D42CF /* IFLWallpaperDownload.h in Headers */,
				B659793119F73CD7002D42CF /* IFLUser.h in Headers */,
				B659793219F73CD7002D42CF /* IFLTag.h in Headers */,
			);
			runOnlyForDeploymentPostprocessing = 0;
		};
/* End PBXHeadersBuildPhase section */

/* Begin PBXNativeTarget section */
		B6B2466D19CA81B600020CD6 /* IFLKit */ = {
			isa = PBXNativeTarget;
			buildConfigurationList = B6B2469119CA81B600020CD6 /* Build configuration list for PBXNativeTarget "IFLKit" */;
			buildPhases = (
				B6B2466A19CA81B600020CD6 /* Sources */,
				B6B2466B19CA81B600020CD6 /* Frameworks */,
				B6B2466C19CA81B600020CD6 /* CopyFiles */,
				B659791A19F73C8B002D42CF /* Headers */,
			);
			buildRules = (
			);
			dependencies = (
			);
			name = IFLKit;
			productName = InterfaceliftKit;
			productReference = B6B2466E19CA81B600020CD6 /* libIFLKit.a */;
			productType = "com.apple.product-type.library.static";
		};
		B6B2467D19CA81B600020CD6 /* IFLKitTests */ = {
			isa = PBXNativeTarget;
			buildConfigurationList = B6B2469419CA81B600020CD6 /* Build configuration list for PBXNativeTarget "IFLKitTests" */;
			buildPhases = (
				B6B2467A19CA81B600020CD6 /* Sources */,
				B6B2467B19CA81B600020CD6 /* Frameworks */,
				B6B2467C19CA81B600020CD6 /* Resources */,
			);
			buildRules = (
			);
			dependencies = (
				B6B2468519CA81B600020CD6 /* PBXTargetDependency */,
			);
			name = IFLKitTests;
			productName = InterfaceliftKitTests;
			productReference = B6B2467E19CA81B600020CD6 /* IFLKitTests.xctest */;
			productType = "com.apple.product-type.bundle.unit-test";
		};
/* End PBXNativeTarget section */

/* Begin PBXProject section */
		B6B2466619CA81B600020CD6 /* Project object */ = {
			isa = PBXProject;
			attributes = {
				LastUpgradeCheck = 0510;
				ORGANIZATIONNAME = "Frederick Kelch";
			};
			buildConfigurationList = B6B2466919CA81B600020CD6 /* Build configuration list for PBXProject "IFLKit" */;
			compatibilityVersion = "Xcode 3.2";
			developmentRegion = English;
			hasScannedForEncodings = 0;
			knownRegions = (
				en,
			);
			mainGroup = B6B2466519CA81B600020CD6;
			productRefGroup = B6B2466F19CA81B600020CD6 /* Products */;
			projectDirPath = "";
			projectRoot = "";
			targets = (
				B6B2466D19CA81B600020CD6 /* IFLKit */,
				B6B2467D19CA81B600020CD6 /* IFLKitTests */,
			);
		};
/* End PBXProject section */

/* Begin PBXResourcesBuildPhase section */
		B6B2467C19CA81B600020CD6 /* Resources */ = {
			isa = PBXResourcesBuildPhase;
			buildActionMask = 2147483647;
			files = (
				B691DDAB19D64B4A00911394 /* favorites_wallpaper_array.json in Resources */,
				B691DDB019D64B4A00911394 /* camera_object.json in Resources */,
				B691DDAE19D64B4A00911394 /* camera_lens.json in Resources */,
				B691DDAD19D64B4A00911394 /* comment.json in Resources */,
				B65978F719F5ECAA002D42CF /* Mashape.key in Resources */,
				B6B2468C19CA81B600020CD6 /* InfoPlist.strings in Resources */,
				B62B8D6519D7B39A00553C0B /* wallpaper_download.json in Resources */,
				B62B8D5F19D769E400553C0B /* submission_download.json in Resources */,
				B691DDAC19D64B4A00911394 /* comments.json in Resources */,
				B62B8D6819D7B50800553C0B /* tag.json in Resources */,
				B691DDAF19D64B4A00911394 /* camera_body.json in Resources */,
				B62B8D5D19D765E800553C0B /* wallpaper.json in Resources */,
				B62B8D6919D7B50800553C0B /* user.json in Resources */,
				B691DDAA19D64B4A00911394 /* submission_wallpaper.json in Resources */,
			);
			runOnlyForDeploymentPostprocessing = 0;
		};
/* End PBXResourcesBuildPhase section */

/* Begin PBXSourcesBuildPhase section */
		B6B2466A19CA81B600020CD6 /* Sources */ = {
			isa = PBXSourcesBuildPhase;
			buildActionMask = 2147483647;
			files = (
				B6B246C819CBCB3900020CD6 /* IFLWallpapersRequest.m in Sources */,
				B6B246B019CBCAB900020CD6 /* IFLFavoritesRequest.m in Sources */,
				B67CDD9919CD50B20038CEF2 /* IFLCamera.m in Sources */,
				B6B246C519CBCB2A00020CD6 /* IFLWallpaperDownloadRequest.m in Sources */,
				B64F02A419CE746500FE6755 /* IFLTag.m in Sources */,
				B64F029E19CE6FB700FE6755 /* IFLWallpaperDownload.m in Sources */,
				B6B246B619CBCAD700020CD6 /* IFLSubmissionsRequest.m in Sources */,
				B64F028619CDCB6200FE6755 /* IFLModel.m in Sources */,
				B6B246B319CBCAC900020CD6 /* IFLSingleSubmissionRequest.m in Sources */,
				B6B246A419CBCA6600020CD6 /* IFLCameraBodyRequest.m in Sources */,
				B6B246AD19CBCAA300020CD6 /* IFLCommentsRequest.m in Sources */,
				B6B246CB19CBCB4800020CD6 /* IFLWallpaperByTimestampRequest.m in Sources */,
				B6B246B919CBCAE700020CD6 /* IFLSubmissionsDownloadRequest.m in Sources */,
				B6B246A119CA9C2600020CD6 /* IFLClient.m in Sources */,
				B64F028F19CE631500FE6755 /* IFLLens.m in Sources */,
				B6B246C219CBCB1C00020CD6 /* IFLSingleWallpaperRequest.m in Sources */,
				B636132219E23C610091CA5B /* IFLWallpaper.m in Sources */,
				B64F02A119CE700D00FE6755 /* IFLUser.m in Sources */,
				B6B246BF19CBCB0B00020CD6 /* IFLSingleTagRequest.m in Sources */,
				B64F029B19CE6D5A00FE6755 /* IFLSubmissionDownload.m in Sources */,
				B64F029219CE651D00FE6755 /* IFLComment.m in Sources */,
				B6B246A719CBCA7C00020CD6 /* IFLCameraLensRequest.m in Sources */,
				B691DD9F19D5CC9F00911394 /* NSArray+DGParameterizeArray.m in Sources */,
				B6B246BC19CBCAF800020CD6 /* IFLTagsRequest.m in Sources */,
				B6B2469A19CA821100020CD6 /* IFLRequest.m in Sources */,
				B6B246AA19CBCA8D00020CD6 /* IFLSingleCommentRequest.m in Sources */,
			);
			runOnlyForDeploymentPostprocessing = 0;
		};
		B6B2467A19CA81B600020CD6 /* Sources */ = {
			isa = PBXSourcesBuildPhase;
			buildActionMask = 2147483647;
			files = (
				B691DDA119D5E82600911394 /* IFLSingleWallpaperRequestTest.m in Sources */,
				B609775919D3AFBD003F8264 /* IFLWallpaperDownloadRequestTest.m in Sources */,
				B609774D19D3AF50003F8264 /* IFLSingleSubmissionRequestTest.m in Sources */,
				B609775119D3AF83003F8264 /* IFLSubmissionsDownloadRequestTest.m in Sources */,
				B62B8D6D19D7B5F100553C0B /* IFLTagModelTest.m in Sources */,
				B62B8D6119D769F500553C0B /* IFLSubmissionDownloadModelTest.m in Sources */,
				B62B8D6319D76D8E00553C0B /* IFLWallpaperDownloadModelTest.m in Sources */,
				B609774F19D3AF5D003F8264 /* IFLSubmissionsRequestTest.m in Sources */,
				B609775519D3AF9A003F8264 /* IFLSingleTagRequestTest.m in Sources */,
				B609775719D3AFA5003F8264 /* IFLWallpapersRequestTest.m in Sources */,
				B609775B19D3AFC9003F8264 /* IFLWallpaperByTimestampRequestTest.m in Sources */,
				B62B8D5719D755D300553C0B /* IFLLensModelTest.m in Sources */,
				B62B8D5B19D75D0500553C0B /* IFLWallpaperModelTest.m in Sources */,
				B609774519D3AEF3003F8264 /* FILCameraLensRequestTest.m in Sources */,
				B62B8D6B19D7B5E800553C0B /* IFLUserModelTest.m in Sources */,
				B609774719D3AF22003F8264 /* FILSingleCommentRequest.m in Sources */,
				B609774919D3AF34003F8264 /* IFLCommentsRequestTest.m in Sources */,
				B62B8D5919D75A4F00553C0B /* IFLCommenModelTest.m in Sources */,
				B609774319D3AEE2003F8264 /* IFLCameraBodyRequestTest.m in Sources */,
				B609774119D3AED6003F8264 /* IFLRequestTest.m in Sources */,
				B69B453E19F0D32F00CE4916 /* WallpaperRequestJSONDownload.m in Sources */,
				B609774B19D3AF44003F8264 /* IFLFavoritesRequestTest.m in Sources */,
				B691DDB219D64CA800911394 /* IFLCameraModelTest.m in Sources */,
				B609775319D3AF8E003F8264 /* IFLTagsRequestTest.m in Sources */,
			);
			runOnlyForDeploymentPostprocessing = 0;
		};
/* End PBXSourcesBuildPhase section */

/* Begin PBXTargetDependency section */
		B6B2468519CA81B600020CD6 /* PBXTargetDependency */ = {
			isa = PBXTargetDependency;
			target = B6B2466D19CA81B600020CD6 /* IFLKit */;
			targetProxy = B6B2468419CA81B600020CD6 /* PBXContainerItemProxy */;
		};
/* End PBXTargetDependency section */

/* Begin PBXVariantGroup section */
		B6B2468A19CA81B600020CD6 /* InfoPlist.strings */ = {
			isa = PBXVariantGroup;
			children = (
				B6B2468B19CA81B600020CD6 /* en */,
			);
			name = InfoPlist.strings;
			sourceTree = "<group>";
		};
/* End PBXVariantGroup section */

/* Begin XCBuildConfiguration section */
		B6B2468F19CA81B600020CD6 /* Debug */ = {
			isa = XCBuildConfiguration;
			buildSettings = {
				ALWAYS_SEARCH_USER_PATHS = NO;
				CLANG_CXX_LANGUAGE_STANDARD = "gnu++0x";
				CLANG_CXX_LIBRARY = "libc++";
				CLANG_ENABLE_MODULES = YES;
				CLANG_ENABLE_OBJC_ARC = YES;
				CLANG_WARN_BOOL_CONVERSION = YES;
				CLANG_WARN_CONSTANT_CONVERSION = YES;
				CLANG_WARN_DIRECT_OBJC_ISA_USAGE = YES_ERROR;
				CLANG_WARN_EMPTY_BODY = YES;
				CLANG_WARN_ENUM_CONVERSION = YES;
				CLANG_WARN_INT_CONVERSION = YES;
				CLANG_WARN_OBJC_ROOT_CLASS = YES_ERROR;
				CLANG_WARN__DUPLICATE_METHOD_MATCH = YES;
				COPY_PHASE_STRIP = NO;
				GCC_C_LANGUAGE_STANDARD = gnu99;
				GCC_DYNAMIC_NO_PIC = NO;
				GCC_OPTIMIZATION_LEVEL = 0;
				GCC_PREPROCESSOR_DEFINITIONS = (
					"DEBUG=1",
					"$(inherited)",
				);
				GCC_SYMBOLS_PRIVATE_EXTERN = NO;
				GCC_WARN_64_TO_32_BIT_CONVERSION = YES;
				GCC_WARN_ABOUT_RETURN_TYPE = YES_ERROR;
				GCC_WARN_UNDECLARED_SELECTOR = YES;
				GCC_WARN_UNINITIALIZED_AUTOS = YES_AGGRESSIVE;
				GCC_WARN_UNUSED_FUNCTION = YES;
				GCC_WARN_UNUSED_VARIABLE = YES;
				IPHONEOS_DEPLOYMENT_TARGET = 7.1;
				ONLY_ACTIVE_ARCH = YES;
				SDKROOT = iphoneos;
			};
			name = Debug;
		};
		B6B2469019CA81B600020CD6 /* Release */ = {
			isa = XCBuildConfiguration;
			buildSettings = {
				ALWAYS_SEARCH_USER_PATHS = NO;
				CLANG_CXX_LANGUAGE_STANDARD = "gnu++0x";
				CLANG_CXX_LIBRARY = "libc++";
				CLANG_ENABLE_MODULES = YES;
				CLANG_ENABLE_OBJC_ARC = YES;
				CLANG_WARN_BOOL_CONVERSION = YES;
				CLANG_WARN_CONSTANT_CONVERSION = YES;
				CLANG_WARN_DIRECT_OBJC_ISA_USAGE = YES_ERROR;
				CLANG_WARN_EMPTY_BODY = YES;
				CLANG_WARN_ENUM_CONVERSION = YES;
				CLANG_WARN_INT_CONVERSION = YES;
				CLANG_WARN_OBJC_ROOT_CLASS = YES_ERROR;
				CLANG_WARN__DUPLICATE_METHOD_MATCH = YES;
				COPY_PHASE_STRIP = YES;
				ENABLE_NS_ASSERTIONS = NO;
				GCC_C_LANGUAGE_STANDARD = gnu99;
				GCC_WARN_64_TO_32_BIT_CONVERSION = YES;
				GCC_WARN_ABOUT_RETURN_TYPE = YES_ERROR;
				GCC_WARN_UNDECLARED_SELECTOR = YES;
				GCC_WARN_UNINITIALIZED_AUTOS = YES_AGGRESSIVE;
				GCC_WARN_UNUSED_FUNCTION = YES;
				GCC_WARN_UNUSED_VARIABLE = YES;
				IPHONEOS_DEPLOYMENT_TARGET = 7.1;
				SDKROOT = iphoneos;
				VALIDATE_PRODUCT = YES;
			};
			name = Release;
		};
		B6B2469219CA81B600020CD6 /* Debug */ = {
			isa = XCBuildConfiguration;
			buildSettings = {
				CLANG_WARN_DOCUMENTATION_COMMENTS = YES;
				DSTROOT = /tmp/InterfaceliftKit.dst;
				GCC_PRECOMPILE_PREFIX_HEADER = YES;
				GCC_PREFIX_HEADER = "InterfaceliftKit/IFLKit-Prefix.pch";
				OTHER_LDFLAGS = "-ObjC";
				PRODUCT_NAME = IFLKit;
				SKIP_INSTALL = YES;
			};
			name = Debug;
		};
		B6B2469319CA81B600020CD6 /* Release */ = {
			isa = XCBuildConfiguration;
			buildSettings = {
				CLANG_WARN_DOCUMENTATION_COMMENTS = YES;
				DSTROOT = /tmp/InterfaceliftKit.dst;
				GCC_PRECOMPILE_PREFIX_HEADER = YES;
				GCC_PREFIX_HEADER = "InterfaceliftKit/IFLKit-Prefix.pch";
				OTHER_LDFLAGS = "-ObjC";
				PRODUCT_NAME = IFLKit;
				SKIP_INSTALL = YES;
			};
			name = Release;
		};
		B6B2469519CA81B600020CD6 /* Debug */ = {
			isa = XCBuildConfiguration;
			buildSettings = {
				FRAMEWORK_SEARCH_PATHS = (
					"$(SDKROOT)/Developer/Library/Frameworks",
					"$(inherited)",
					"$(DEVELOPER_FRAMEWORKS_DIR)",
				);
				GCC_PRECOMPILE_PREFIX_HEADER = YES;
				GCC_PREFIX_HEADER = "InterfaceliftKit/IFLKit-Prefix.pch";
				GCC_PREPROCESSOR_DEFINITIONS = (
					"DEBUG=1",
					"$(inherited)",
				);
				INFOPLIST_FILE = "InterfaceliftKitTests/IFLKitTests-Info.plist";
				PRODUCT_NAME = IFLKitTests;
				WRAPPER_EXTENSION = xctest;
			};
			name = Debug;
		};
		B6B2469619CA81B600020CD6 /* Release */ = {
			isa = XCBuildConfiguration;
			buildSettings = {
				FRAMEWORK_SEARCH_PATHS = (
					"$(SDKROOT)/Developer/Library/Frameworks",
					"$(inherited)",
					"$(DEVELOPER_FRAMEWORKS_DIR)",
				);
				GCC_PRECOMPILE_PREFIX_HEADER = YES;
				GCC_PREFIX_HEADER = "InterfaceliftKit/IFLKit-Prefix.pch";
				INFOPLIST_FILE = "InterfaceliftKitTests/IFLKitTests-Info.plist";
				PRODUCT_NAME = IFLKitTests;
				WRAPPER_EXTENSION = xctest;
			};
			name = Release;
		};
/* End XCBuildConfiguration section */

/* Begin XCConfigurationList section */
		B6B2466919CA81B600020CD6 /* Build configuration list for PBXProject "IFLKit" */ = {
			isa = XCConfigurationList;
			buildConfigurations = (
				B6B2468F19CA81B600020CD6 /* Debug */,
				B6B2469019CA81B600020CD6 /* Release */,
			);
			defaultConfigurationIsVisible = 0;
			defaultConfigurationName = Release;
		};
		B6B2469119CA81B600020CD6 /* Build configuration list for PBXNativeTarget "IFLKit" */ = {
			isa = XCConfigurationList;
			buildConfigurations = (
				B6B2469219CA81B600020CD6 /* Debug */,
				B6B2469319CA81B600020CD6 /* Release */,
			);
			defaultConfigurationIsVisible = 0;
			defaultConfigurationName = Release;
		};
		B6B2469419CA81B600020CD6 /* Build configuration list for PBXNativeTarget "IFLKitTests" */ = {
			isa = XCConfigurationList;
			buildConfigurations = (
				B6B2469519CA81B600020CD6 /* Debug */,
				B6B2469619CA81B600020CD6 /* Release */,
			);
			defaultConfigurationIsVisible = 0;
			defaultConfigurationName = Release;
		};
/* End XCConfigurationList section */
	};
	rootObject = B6B2466619CA81B600020CD6 /* Project object */;
}
